
Microsoft Visual Studio Solution File, Format Version 12.00
# Visual Studio Version 16
VisualStudioVersion = 16.0.30804.86
MinimumVisualStudioVersion = 10.0.40219.1
Project("{FAE04EC0-301F-11D3-BF4B-00C04F79EFBC}") = "Shopping Cart App", "Shopping Cart App\Shopping Cart App.csproj", "{EFD518BA-5CC7-4E73-9560-998E1777A43A}"
EndProject
Global
	GlobalSection(SolutionConfigurationPlatforms) = preSolution
		Debug|Any CPU = Debug|Any CPU
		Release|Any CPU = Release|Any CPU
	EndGlobalSection
	GlobalSection(ProjectConfigurationPlatforms) = postSolution
		{EFD518BA-5CC7-4E73-9560-998E1777A43A}.Debug|Any CPU.ActiveCfg = Debug|Any CPU
		{EFD518BA-5CC7-4E73-9560-998E1777A43A}.Debug|Any CPU.Build.0 = Debug|Any CPU
		{EFD518BA-5CC7-4E73-9560-998E1777A43A}.Release|Any CPU.ActiveCfg = Release|Any CPU
		{EFD518BA-5CC7-4E73-9560-998E1777A43A}.Release|Any CPU.Build.0 = Release|Any CPU
	EndGlobalSection
	GlobalSection(SolutionProperties) = preSolution
		HideSolutionNode = FALSE
	EndGlobalSection
	GlobalSection(ExtensibilityGlobals) = postSolution
		SolutionGuid = {F9271CF0-80DB-45A4-B0E1-A75E01C4222B}
	EndGlobalSection
EndGlobal
